
Microsoft Visual Studio Solution File, Format Version 12.00
# Visual Studio Version 16
VisualStudioVersion = 25.0.1704.2
MinimumVisualStudioVersion = 10.0.40219.1
Project("{FAE04EC0-301F-11D3-BF4B-00C04F79EFBC}") = "easy-meal-api", "easy-meal-api.csproj", "{C70C2F56-E7BF-4A84-97BC-974D513B63CF}"
EndProject
Global
	GlobalSection(SolutionConfigurationPlatforms) = preSolution
		Debug|Any CPU = Debug|Any CPU
		Release|Any CPU = Release|Any CPU
	EndGlobalSection
	GlobalSection(ProjectConfigurationPlatforms) = postSolution
		{C70C2F56-E7BF-4A84-97BC-974D513B63CF}.Debug|Any CPU.ActiveCfg = Debug|Any CPU
		{C70C2F56-E7BF-4A84-97BC-974D513B63CF}.Debug|Any CPU.Build.0 = Debug|Any CPU
		{C70C2F56-E7BF-4A84-97BC-974D513B63CF}.Release|Any CPU.ActiveCfg = Release|Any CPU
		{C70C2F56-E7BF-4A84-97BC-974D513B63CF}.Release|Any CPU.Build.0 = Release|Any CPU
	EndGlobalSection
	GlobalSection(SolutionProperties) = preSolution
		HideSolutionNode = FALSE
	EndGlobalSection
	GlobalSection(ExtensibilityGlobals) = postSolution
		SolutionGuid = {2CD380C1-C706-4B95-B06B-DC5267DCCFC2}
	EndGlobalSection
EndGlobal
